
Microsoft Visual Studio Solution File, Format Version 12.00
# Visual Studio 15
VisualStudioVersion = 15.0.27703.2026
MinimumVisualStudioVersion = 10.0.40219.1
Project("{8BC9CEB8-8B4A-11D0-8D11-00A0C91BC942}") = "10.Shaders", "Shaders_vc12.vcxproj", "{27158C82-CD15-4A9B-9848-35E7065B209F}"
EndProject
Global
	GlobalSection(SolutionConfigurationPlatforms) = preSolution
		Debug|x64 = Debug|x64
		Debug|x86 = Debug|x86
		Release|x64 = Release|x64
		Release|x86 = Release|x86
	EndGlobalSection
	GlobalSection(ProjectConfigurationPlatforms) = postSolution
		{27158C82-CD15-4A9B-9848-35E7065B209F}.Debug|x64.ActiveCfg = Debug|x64
		{27158C82-CD15-4A9B-9848-35E7065B209F}.Debug|x64.Build.0 = Debug|x64
		{27158C82-CD15-4A9B-9848-35E7065B209F}.Debug|x86.ActiveCfg = Debug|Win32
		{27158C82-CD15-4A9B-9848-35E7065B209F}.Debug|x86.Build.0 = Debug|Win32
		{27158C82-CD15-4A9B-9848-35E7065B209F}.Release|x64.ActiveCfg = Release|x64
		{27158C82-CD15-4A9B-9848-35E7065B209F}.Release|x64.Build.0 = Release|x64
		{27158C82-CD15-4A9B-9848-35E7065B209F}.Release|x86.ActiveCfg = Release|Win32
		{27158C82-CD15-4A9B-9848-35E7065B209F}.Release|x86.Build.0 = Release|Win32
	EndGlobalSection
	GlobalSection(SolutionProperties) = preSolution
		HideSolutionNode = FALSE
	EndGlobalSection
	GlobalSection(ExtensibilityGlobals) = postSolution
		SolutionGuid = {F57C1F7D-14A1-42F9-8B55-A4672D616A7F}
	EndGlobalSection
EndGlobal
